<?xml version="1.0" encoding="utf-8"?>
<Project ToolsVersion="4.0" xmlns="http://schemas.microsoft.com/developer/msbuild/2003">
  <ItemGroup>
    <Filter Include="DataCore">
      <UniqueIdentifier>{b4c7a430-4cf6-49fa-89de-9301321f877f}</UniqueIdentifier>
    </Filter>
    <Filter Include="DataCore\Header Files">
      <UniqueIdentifier>{5294b51c-0bd3-4fad-8ad9-5cfc5d27c9e9}</UniqueIdentifier>
    </Filter>
    <Filter Include="DataCore\Source Files">
      <UniqueIdentifier>{b4ff6a3d-4c4e-45d5-9954-c88225d5dcd8}</UniqueIdentifier>
    </Filter>
  </ItemGroup>
  <ItemGroup>
    <ClCompile Include="src\Connector.cpp">
      <Filter>DataCore\Source Files</Filter>
    </ClCompile>
    <ClCompile Include="src\SessionImpl.cpp">
      <Filter>DataCore\Source Files</Filter>
    </ClCompile>
    <ClCompile Include="src\FJCAException.cpp">
      <Filter>DataCore\Source Files</Filter>
    </ClCompile>
    <ClCompile Include="src\Utility.cpp">
      <Filter>DataCore\Source Files</Filter>
    </ClCompile>
    <ClCompile Include="src\translater.cpp">
      <Filter>DataCore\Source Files</Filter>
    </ClCompile>
  </ItemGroup>
  <ItemGroup>
    <ClInclude Include="include\Reach\Data\FJCA\Utility.h">
      <Filter>DataCore\Header Files</Filter>
    </ClInclude>
    <ClInclude Include="include\Reach\Data\FJCA\SOFStatementImpl.h">
      <Filter>DataCore\Header Files</Filter>
    </ClInclude>
    <ClInclude Include="include\Reach\Data\FJCA\Connector.h">
      <Filter>DataCore\Header Files</Filter>
    </ClInclude>
    <ClInclude Include="include\Reach\Data\FJCA\FJCA.h">
      <Filter>DataCore\Header Files</Filter>
    </ClInclude>
    <ClInclude Include="include\Reach\Data\FJCA\FJCAException.h">
      <Filter>DataCore\Header Files</Filter>
    </ClInclude>
    <ClInclude Include="include\Reach\Data\FJCA\SessionImpl.h">
      <Filter>DataCore\Header Files</Filter>
    </ClInclude>
    <ClInclude Include="resource.h" />
  </ItemGroup>
  <ItemGroup>
    <ResourceCompile Include="FJCA.rc" />
  </ItemGroup>
</Project>